{
    "name": "enplatedmvc",
    "version": "1.0.3",
    "lockfileVersion": 3,
    "requires": true,
    "packages": {
        "": {
            "name": "enplatedmvc",
            "version": "1.0.3",
            "license": "MIT",
            "dependencies": {
                "enplatedmvc": "file:"
            },
            "engines": {
                "vscode": "^1.91.0"
            }
        },
        "node_modules/enplatedmvc": {
            "resolved": "",
            "link": true
        }
    }
}
